// !$*UTF8*$!
{
	archiveVersion = 1;
	classes = {
	};
	objectVersion = 55;
	objects = {

/* Begin PBXBuildFile section */
		M50000000000000000000001 /* TodoistSyncModels.swift in Sources */ = {isa = PBXBuildFile; fileRef = M50000000000000000000002 /* TodoistSyncModels.swift */; };
		M50000000000000000000003 /* TodoistCacheModels.swift in Sources */ = {isa = PBXBuildFile; fileRef = M50000000000000000000004 /* TodoistCacheModels.swift */; };
		M50000000000000000000005 /* TodoistCacheRepository.swift in Sources */ = {isa = PBXBuildFile; fileRef = M50000000000000000000006 /* TodoistCacheRepository.swift */; };
		M50000000000000000000007 /* TodoistTaskListViewModel.swift in Sources */ = {isa = PBXBuildFile; fileRef = M50000000000000000000008 /* TodoistTaskListViewModel.swift */; };
		M50000000000000000000009 /* TodoistWorkspaceView.swift in Sources */ = {isa = PBXBuildFile; fileRef = M5000000000000000000000A /* TodoistWorkspaceView.swift */; };
		M5000000000000000000000B /* TodoistCacheRepositoryTests.swift in Sources */ = {isa = PBXBuildFile; fileRef = M5000000000000000000000C /* TodoistCacheRepositoryTests.swift */; };
		M5000000000000000000000D /* TodoistTaskListViewModelTests.swift in Sources */ = {isa = PBXBuildFile; fileRef = M5000000000000000000000E /* TodoistTaskListViewModelTests.swift */; };
		M40000000000000000000001 /* CredentialStore.swift in Sources */ = {isa = PBXBuildFile; fileRef = M40000000000000000000002 /* CredentialStore.swift */; };
		M40000000000000000000003 /* TodoistClient.swift in Sources */ = {isa = PBXBuildFile; fileRef = M40000000000000000000004 /* TodoistClient.swift */; };
		M40000000000000000000005 /* TodoistConnectionViewModel.swift in Sources */ = {isa = PBXBuildFile; fileRef = M40000000000000000000006 /* TodoistConnectionViewModel.swift */; };
		M40000000000000000000007 /* TodoistSettingsView.swift in Sources */ = {isa = PBXBuildFile; fileRef = M40000000000000000000008 /* TodoistSettingsView.swift */; };
		M40000000000000000000009 /* TodoistClientTests.swift in Sources */ = {isa = PBXBuildFile; fileRef = M4000000000000000000000A /* TodoistClientTests.swift */; };
		M4000000000000000000000B /* TodoistConnectionViewModelTests.swift in Sources */ = {isa = PBXBuildFile; fileRef = M4000000000000000000000C /* TodoistConnectionViewModelTests.swift */; };
		M4000000000000000000000D /* CredentialStoreTests.swift in Sources */ = {isa = PBXBuildFile; fileRef = M4000000000000000000000E /* CredentialStoreTests.swift */; };
		D30000000000000000000009 /* FocusSessionTracker.swift in Sources */ = {isa = PBXBuildFile; fileRef = D3000000000000000000000A /* FocusSessionTracker.swift */; };
		D3000000000000000000000B /* FocusSessionTrackerTests.swift in Sources */ = {isa = PBXBuildFile; fileRef = D3000000000000000000000C /* FocusSessionTrackerTests.swift */; };
		D30000000000000000000001 /* SessionModels.swift in Sources */ = {isa = PBXBuildFile; fileRef = D30000000000000000000002 /* SessionModels.swift */; };
		D30000000000000000000003 /* SessionRepository.swift in Sources */ = {isa = PBXBuildFile; fileRef = D30000000000000000000004 /* SessionRepository.swift */; };
		D30000000000000000000005 /* SessionHistoryView.swift in Sources */ = {isa = PBXBuildFile; fileRef = D30000000000000000000006 /* SessionHistoryView.swift */; };
		D30000000000000000000007 /* SessionRepositoryTests.swift in Sources */ = {isa = PBXBuildFile; fileRef = D30000000000000000000008 /* SessionRepositoryTests.swift */; };
		C20000000000000000000001 /* TimerEngine.swift in Sources */ = {isa = PBXBuildFile; fileRef = C20000000000000000000002 /* TimerEngine.swift */; };
		C20000000000000000000003 /* TimerEngineTests.swift in Sources */ = {isa = PBXBuildFile; fileRef = C20000000000000000000004 /* TimerEngineTests.swift */; };
		8A21B78C27EE31A20009E5DB /* App.swift in Sources */ = {isa = PBXBuildFile; fileRef = 8A21B78B27EE31A20009E5DB /* App.swift */; };
		8A21B78E27EE31A20009E5DB /* View.swift in Sources */ = {isa = PBXBuildFile; fileRef = 8A21B78D27EE31A20009E5DB /* View.swift */; };
		8A21B79027EE31A30009E5DB /* Assets.xcassets in Resources */ = {isa = PBXBuildFile; fileRef = 8A21B78F27EE31A30009E5DB /* Assets.xcassets */; };
		8A7403A027FA19BB00E7F90B /* LaunchAtLogin in Frameworks */ = {isa = PBXBuildFile; productRef = 8A74039F27FA19BB00E7F90B /* LaunchAtLogin */; };
		8A9F701927EE3DAF0012A1EC /* Timer.swift in Sources */ = {isa = PBXBuildFile; fileRef = 8A9F701827EE3DAF0012A1EC /* Timer.swift */; };
		8A9F701F27EE536D0012A1EC /* Player.swift in Sources */ = {isa = PBXBuildFile; fileRef = 8A9F701E27EE536D0012A1EC /* Player.swift */; };
		8AA5434A2930F008002A47FC /* Localizable.strings in Resources */ = {isa = PBXBuildFile; fileRef = 8AA54347293094AB002A47FC /* Localizable.strings */; };
		8AA5B3EB281295DB00BE1A6C /* KeyboardShortcuts in Frameworks */ = {isa = PBXBuildFile; productRef = 8AA5B3EA281295DB00BE1A6C /* KeyboardShortcuts */; };
		8AA5B3F22812A74600BE1A6C /* Notifications.swift in Sources */ = {isa = PBXBuildFile; fileRef = 8AA5B3F12812A74600BE1A6C /* Notifications.swift */; };
		8AEE49AF2AA75A5E00243D2F /* Log.swift in Sources */ = {isa = PBXBuildFile; fileRef = 8AEE49AE2AA75A5E00243D2F /* Log.swift */; };
/* End PBXBuildFile section */

/* Begin PBXContainerItemProxy section */
		B10000000000000000000008 /* PBXContainerItemProxy */ = {
			isa = PBXContainerItemProxy;
			containerPortal = 8A21B78027EE31A20009E5DB /* Project object */;
			proxyType = 1;
			remoteGlobalIDString = 8A21B78727EE31A20009E5DB;
			remoteInfo = TomatoBar;
		};
/* End PBXContainerItemProxy section */

/* Begin PBXFileReference section */
		M50000000000000000000002 /* TodoistSyncModels.swift */ = {isa = PBXFileReference; lastKnownFileType = sourcecode.swift; path = TodoistSyncModels.swift; sourceTree = "<group>"; };
		M50000000000000000000004 /* TodoistCacheModels.swift */ = {isa = PBXFileReference; lastKnownFileType = sourcecode.swift; path = TodoistCacheModels.swift; sourceTree = "<group>"; };
		M50000000000000000000006 /* TodoistCacheRepository.swift */ = {isa = PBXFileReference; lastKnownFileType = sourcecode.swift; path = TodoistCacheRepository.swift; sourceTree = "<group>"; };
		M50000000000000000000008 /* TodoistTaskListViewModel.swift */ = {isa = PBXFileReference; lastKnownFileType = sourcecode.swift; path = TodoistTaskListViewModel.swift; sourceTree = "<group>"; };
		M5000000000000000000000A /* TodoistWorkspaceView.swift */ = {isa = PBXFileReference; lastKnownFileType = sourcecode.swift; path = TodoistWorkspaceView.swift; sourceTree = "<group>"; };
		M5000000000000000000000C /* TodoistCacheRepositoryTests.swift */ = {isa = PBXFileReference; lastKnownFileType = sourcecode.swift; path = TodoistCacheRepositoryTests.swift; sourceTree = "<group>"; };
		M5000000000000000000000E /* TodoistTaskListViewModelTests.swift */ = {isa = PBXFileReference; lastKnownFileType = sourcecode.swift; path = TodoistTaskListViewModelTests.swift; sourceTree = "<group>"; };
		M40000000000000000000002 /* CredentialStore.swift */ = {isa = PBXFileReference; lastKnownFileType = sourcecode.swift; path = CredentialStore.swift; sourceTree = "<group>"; };
		M40000000000000000000004 /* TodoistClient.swift */ = {isa = PBXFileReference; lastKnownFileType = sourcecode.swift; path = TodoistClient.swift; sourceTree = "<group>"; };
		M40000000000000000000006 /* TodoistConnectionViewModel.swift */ = {isa = PBXFileReference; lastKnownFileType = sourcecode.swift; path = TodoistConnectionViewModel.swift; sourceTree = "<group>"; };
		M40000000000000000000008 /* TodoistSettingsView.swift */ = {isa = PBXFileReference; lastKnownFileType = sourcecode.swift; path = TodoistSettingsView.swift; sourceTree = "<group>"; };
		M4000000000000000000000A /* TodoistClientTests.swift */ = {isa = PBXFileReference; lastKnownFileType = sourcecode.swift; path = TodoistClientTests.swift; sourceTree = "<group>"; };
		M4000000000000000000000C /* TodoistConnectionViewModelTests.swift */ = {isa = PBXFileReference; lastKnownFileType = sourcecode.swift; path = TodoistConnectionViewModelTests.swift; sourceTree = "<group>"; };
		M4000000000000000000000E /* CredentialStoreTests.swift */ = {isa = PBXFileReference; lastKnownFileType = sourcecode.swift; path = CredentialStoreTests.swift; sourceTree = "<group>"; };
		D3000000000000000000000A /* FocusSessionTracker.swift */ = {isa = PBXFileReference; lastKnownFileType = sourcecode.swift; path = FocusSessionTracker.swift; sourceTree = "<group>"; };
		D3000000000000000000000C /* FocusSessionTrackerTests.swift */ = {isa = PBXFileReference; lastKnownFileType = sourcecode.swift; path = FocusSessionTrackerTests.swift; sourceTree = "<group>"; };
		D30000000000000000000002 /* SessionModels.swift */ = {isa = PBXFileReference; lastKnownFileType = sourcecode.swift; path = SessionModels.swift; sourceTree = "<group>"; };
		D30000000000000000000004 /* SessionRepository.swift */ = {isa = PBXFileReference; lastKnownFileType = sourcecode.swift; path = SessionRepository.swift; sourceTree = "<group>"; };
		D30000000000000000000006 /* SessionHistoryView.swift */ = {isa = PBXFileReference; lastKnownFileType = sourcecode.swift; path = SessionHistoryView.swift; sourceTree = "<group>"; };
		D30000000000000000000008 /* SessionRepositoryTests.swift */ = {isa = PBXFileReference; lastKnownFileType = sourcecode.swift; path = SessionRepositoryTests.swift; sourceTree = "<group>"; };
		C20000000000000000000002 /* TimerEngine.swift */ = {isa = PBXFileReference; lastKnownFileType = sourcecode.swift; path = TimerEngine.swift; sourceTree = "<group>"; };
		C20000000000000000000004 /* TimerEngineTests.swift */ = {isa = PBXFileReference; lastKnownFileType = sourcecode.swift; path = TimerEngineTests.swift; sourceTree = "<group>"; };
		B10000000000000000000003 /* TomatoBarTests.xctest */ = {isa = PBXFileReference; explicitFileType = wrapper.cfbundle; includeInIndex = 0; path = TomatoBarTests.xctest; sourceTree = BUILT_PRODUCTS_DIR; };
		8A21B78827EE31A20009E5DB /* TomatoBar.app */ = {isa = PBXFileReference; explicitFileType = wrapper.application; includeInIndex = 0; path = TomatoBar.app; sourceTree = BUILT_PRODUCTS_DIR; };
		8A21B78B27EE31A20009E5DB /* App.swift */ = {isa = PBXFileReference; lastKnownFileType = sourcecode.swift; path = App.swift; sourceTree = "<group>"; };
		8A21B78D27EE31A20009E5DB /* View.swift */ = {isa = PBXFileReference; lastKnownFileType = sourcecode.swift; path = View.swift; sourceTree = "<group>"; };
		8A21B78F27EE31A30009E5DB /* Assets.xcassets */ = {isa = PBXFileReference; lastKnownFileType = folder.assetcatalog; path = Assets.xcassets; sourceTree = "<group>"; };
		8A21B79427EE31A30009E5DB /* TomatoBar.entitlements */ = {isa = PBXFileReference; lastKnownFileType = text.plist.entitlements; path = TomatoBar.entitlements; sourceTree = "<group>"; };
		8A9F701827EE3DAF0012A1EC /* Timer.swift */ = {isa = PBXFileReference; lastKnownFileType = sourcecode.swift; path = Timer.swift; sourceTree = "<group>"; };
		8A9F701E27EE536D0012A1EC /* Player.swift */ = {isa = PBXFileReference; lastKnownFileType = sourcecode.swift; path = Player.swift; sourceTree = "<group>"; };
		8AA54346293094AB002A47FC /* en */ = {isa = PBXFileReference; lastKnownFileType = text.plist.strings; name = en; path = en.lproj/Localizable.strings; sourceTree = "<group>"; };
		8AA5B3F12812A74600BE1A6C /* Notifications.swift */ = {isa = PBXFileReference; lastKnownFileType = sourcecode.swift; path = Notifications.swift; sourceTree = "<group>"; };
		8AEE49AE2AA75A5E00243D2F /* Log.swift */ = {isa = PBXFileReference; fileEncoding = 4; lastKnownFileType = sourcecode.swift; path = Log.swift; sourceTree = "<group>"; };
		C4C8DE0E2930DBB4003B1110 /* zh-Hans */ = {isa = PBXFileReference; lastKnownFileType = text.plist.strings; name = "zh-Hans"; path = "zh-Hans.lproj/Localizable.strings"; sourceTree = "<group>"; };
		4CC11A472B6A28500012E8EC /* ko */ = {isa = PBXFileReference; lastKnownFileType = text.plist.strings; name = ko; path = ko.lproj/Localizable.strings; sourceTree = "<group>"; };
/* End PBXFileReference section */

/* Begin PBXFrameworksBuildPhase section */
		B10000000000000000000004 /* Frameworks */ = {
			isa = PBXFrameworksBuildPhase;
			buildActionMask = 2147483647;
			files = (
			);
			runOnlyForDeploymentPostprocessing = 0;
		};
		8A21B78527EE31A20009E5DB /* Frameworks */ = {
			isa = PBXFrameworksBuildPhase;
			buildActionMask = 2147483647;
			files = (
				8A7403A027FA19BB00E7F90B /* LaunchAtLogin in Frameworks */,
				8AA5B3EB281295DB00BE1A6C /* KeyboardShortcuts in Frameworks */,
			);
			runOnlyForDeploymentPostprocessing = 0;
		};
/* End PBXFrameworksBuildPhase section */

/* Begin PBXGroup section */
		8A21B77F27EE31A20009E5DB = {
			isa = PBXGroup;
			children = (
				8A21B78A27EE31A20009E5DB /* TomatoBar */,
				B10000000000000000000005 /* TomatoBarTests */,
				8A21B78927EE31A20009E5DB /* Products */,
				8A9F700D27EE3AED0012A1EC /* Frameworks */,
			);
			sourceTree = "<group>";
		};
		8A21B78927EE31A20009E5DB /* Products */ = {
			isa = PBXGroup;
			children = (
				8A21B78827EE31A20009E5DB /* TomatoBar.app */,
				B10000000000000000000003 /* TomatoBarTests.xctest */,
			);
			name = Products;
			sourceTree = "<group>";
		};
		8A21B78A27EE31A20009E5DB /* TomatoBar */ = {
			isa = PBXGroup;
			children = (
				8A21B78B27EE31A20009E5DB /* App.swift */,
				8AEE49AE2AA75A5E00243D2F /* Log.swift */,
				8A21B78D27EE31A20009E5DB /* View.swift */,
				C20000000000000000000002 /* TimerEngine.swift */,
				8A9F701827EE3DAF0012A1EC /* Timer.swift */,
				D3000000000000000000000A /* FocusSessionTracker.swift */,
				D30000000000000000000002 /* SessionModels.swift */,
				D30000000000000000000004 /* SessionRepository.swift */,
				D30000000000000000000006 /* SessionHistoryView.swift */,
				M40000000000000000000002 /* CredentialStore.swift */,
				M40000000000000000000004 /* TodoistClient.swift */,
				M40000000000000000000006 /* TodoistConnectionViewModel.swift */,
				M40000000000000000000008 /* TodoistSettingsView.swift */,
				M50000000000000000000002 /* TodoistSyncModels.swift */,
				M50000000000000000000004 /* TodoistCacheModels.swift */,
				M50000000000000000000006 /* TodoistCacheRepository.swift */,
				M50000000000000000000008 /* TodoistTaskListViewModel.swift */,
				M5000000000000000000000A /* TodoistWorkspaceView.swift */,
				8A9F701E27EE536D0012A1EC /* Player.swift */,
				8AA5B3F12812A74600BE1A6C /* Notifications.swift */,
				8A21B78F27EE31A30009E5DB /* Assets.xcassets */,
				8A21B79427EE31A30009E5DB /* TomatoBar.entitlements */,
				8AA54347293094AB002A47FC /* Localizable.strings */,
			);
			path = TomatoBar;
			sourceTree = "<group>";
		};
		8A9F700D27EE3AED0012A1EC /* Frameworks */ = {
			isa = PBXGroup;
			children = (
			);
			name = Frameworks;
			sourceTree = "<group>";
		};
		B10000000000000000000005 /* TomatoBarTests */ = {
			isa = PBXGroup;
			children = (
				C20000000000000000000004 /* TimerEngineTests.swift */,
				D3000000000000000000000C /* FocusSessionTrackerTests.swift */,
				D30000000000000000000008 /* SessionRepositoryTests.swift */,
				M4000000000000000000000A /* TodoistClientTests.swift */,
				M4000000000000000000000C /* TodoistConnectionViewModelTests.swift */,
				M4000000000000000000000E /* CredentialStoreTests.swift */,
				M5000000000000000000000C /* TodoistCacheRepositoryTests.swift */,
				M5000000000000000000000E /* TodoistTaskListViewModelTests.swift */,
			);
			path = TomatoBarTests;
			sourceTree = "<group>";
		};
/* End PBXGroup section */

/* Begin PBXNativeTarget section */
		B10000000000000000000006 /* TomatoBarTests */ = {
			isa = PBXNativeTarget;
			buildConfigurationList = B1000000000000000000000C /* Build configuration list for PBXNativeTarget "TomatoBarTests" */;
			buildPhases = (
				B10000000000000000000007 /* Sources */,
				B10000000000000000000004 /* Frameworks */,
			);
			buildRules = (
			);
			dependencies = (
				B10000000000000000000009 /* PBXTargetDependency */,
			);
			name = TomatoBarTests;
			packageProductDependencies = (
			);
			productName = TomatoBarTests;
			productReference = B10000000000000000000003 /* TomatoBarTests.xctest */;
			productType = "com.apple.product-type.bundle.unit-test";
		};
		8A21B78727EE31A20009E5DB /* TomatoBar */ = {
			isa = PBXNativeTarget;
			buildConfigurationList = 8A21B79727EE31A30009E5DB /* Build configuration list for PBXNativeTarget "TomatoBar" */;
			buildPhases = (
				8A21B78427EE31A20009E5DB /* Sources */,
				8A21B78527EE31A20009E5DB /* Frameworks */,
				8A21B78627EE31A20009E5DB /* Resources */,
				8A7403A127FA1A4E00E7F90B /* Copy “Launch at Login Helper” */,
			);
			buildRules = (
			);
			dependencies = (
			);
			name = TomatoBar;
			packageProductDependencies = (
				8A74039F27FA19BB00E7F90B /* LaunchAtLogin */,
				8AA5B3EA281295DB00BE1A6C /* KeyboardShortcuts */,
			);
			productName = TomatoBar;
			productReference = 8A21B78827EE31A20009E5DB /* TomatoBar.app */;
			productType = "com.apple.product-type.application";
		};
/* End PBXNativeTarget section */

/* Begin PBXProject section */
		8A21B78027EE31A20009E5DB /* Project object */ = {
			isa = PBXProject;
			attributes = {
				BuildIndependentTargetsInParallel = 1;
				LastSwiftUpdateCheck = 1330;
				LastUpgradeCheck = 1410;
				TargetAttributes = {
					B10000000000000000000006 = {
						CreatedOnToolsVersion = 26.0;
						TestTargetID = 8A21B78727EE31A20009E5DB;
					};
					8A21B78727EE31A20009E5DB = {
						CreatedOnToolsVersion = 13.3;
					};
				};
			};
			buildConfigurationList = 8A21B78327EE31A20009E5DB /* Build configuration list for PBXProject "TomatoBar" */;
			compatibilityVersion = "Xcode 13.0";
			developmentRegion = en;
			hasScannedForEncodings = 0;
			knownRegions = (
				en,
				Base,
				"zh-Hans",
				ko,
			);
			mainGroup = 8A21B77F27EE31A20009E5DB;
			packageReferences = (
				8A74039E27FA19BB00E7F90B /* XCRemoteSwiftPackageReference "LaunchAtLogin" */,
				8AA5B3E9281295DB00BE1A6C /* XCRemoteSwiftPackageReference "KeyboardShortcuts" */,
			);
			productRefGroup = 8A21B78927EE31A20009E5DB /* Products */;
			projectDirPath = "";
			projectRoot = "";
			targets = (
				8A21B78727EE31A20009E5DB /* TomatoBar */,
				B10000000000000000000006 /* TomatoBarTests */,
			);
		};
/* End PBXProject section */

/* Begin PBXResourcesBuildPhase section */
		8A21B78627EE31A20009E5DB /* Resources */ = {
			isa = PBXResourcesBuildPhase;
			buildActionMask = 2147483647;
			files = (
				8A21B79027EE31A30009E5DB /* Assets.xcassets in Resources */,
				8AA5434A2930F008002A47FC /* Localizable.strings in Resources */,
			);
			runOnlyForDeploymentPostprocessing = 0;
		};
/* End PBXResourcesBuildPhase section */

/* Begin PBXShellScriptBuildPhase section */
		8A7403A127FA1A4E00E7F90B /* Copy “Launch at Login Helper” */ = {
			isa = PBXShellScriptBuildPhase;
			alwaysOutOfDate = 1;
			buildActionMask = 2147483647;
			files = (
			);
			inputFileListPaths = (
			);
			inputPaths = (
			);
			name = "Copy “Launch at Login Helper”";
			outputFileListPaths = (
			);
			outputPaths = (
			);
			runOnlyForDeploymentPostprocessing = 0;
			shellPath = /bin/sh;
			shellScript = "\"${BUILT_PRODUCTS_DIR}/LaunchAtLogin_LaunchAtLogin.bundle/Contents/Resources/copy-helper-swiftpm.sh\"\n";
		};
/* End PBXShellScriptBuildPhase section */

/* Begin PBXSourcesBuildPhase section */
		B10000000000000000000007 /* Sources */ = {
			isa = PBXSourcesBuildPhase;
			buildActionMask = 2147483647;
			files = (
				C20000000000000000000003 /* TimerEngineTests.swift in Sources */,
				D3000000000000000000000B /* FocusSessionTrackerTests.swift in Sources */,
				D30000000000000000000007 /* SessionRepositoryTests.swift in Sources */,
				M40000000000000000000009 /* TodoistClientTests.swift in Sources */,
				M4000000000000000000000B /* TodoistConnectionViewModelTests.swift in Sources */,
				M4000000000000000000000D /* CredentialStoreTests.swift in Sources */,
				M5000000000000000000000B /* TodoistCacheRepositoryTests.swift in Sources */,
				M5000000000000000000000D /* TodoistTaskListViewModelTests.swift in Sources */,
			);
			runOnlyForDeploymentPostprocessing = 0;
		};
		8A21B78427EE31A20009E5DB /* Sources */ = {
			isa = PBXSourcesBuildPhase;
			buildActionMask = 2147483647;
			files = (
				C20000000000000000000001 /* TimerEngine.swift in Sources */,
				D30000000000000000000009 /* FocusSessionTracker.swift in Sources */,
				D30000000000000000000001 /* SessionModels.swift in Sources */,
				D30000000000000000000003 /* SessionRepository.swift in Sources */,
				D30000000000000000000005 /* SessionHistoryView.swift in Sources */,
				M40000000000000000000001 /* CredentialStore.swift in Sources */,
				M40000000000000000000003 /* TodoistClient.swift in Sources */,
				M40000000000000000000005 /* TodoistConnectionViewModel.swift in Sources */,
				M40000000000000000000007 /* TodoistSettingsView.swift in Sources */,
				M50000000000000000000001 /* TodoistSyncModels.swift in Sources */,
				M50000000000000000000003 /* TodoistCacheModels.swift in Sources */,
				M50000000000000000000005 /* TodoistCacheRepository.swift in Sources */,
				M50000000000000000000007 /* TodoistTaskListViewModel.swift in Sources */,
				M50000000000000000000009 /* TodoistWorkspaceView.swift in Sources */,
				8A9F701F27EE536D0012A1EC /* Player.swift in Sources */,
				8AEE49AF2AA75A5E00243D2F /* Log.swift in Sources */,
				8A21B78E27EE31A20009E5DB /* View.swift in Sources */,
				8A9F701927EE3DAF0012A1EC /* Timer.swift in Sources */,
				8A21B78C27EE31A20009E5DB /* App.swift in Sources */,
				8AA5B3F22812A74600BE1A6C /* Notifications.swift in Sources */,
			);
			runOnlyForDeploymentPostprocessing = 0;
		};
/* End PBXSourcesBuildPhase section */

/* Begin PBXTargetDependency section */
		B10000000000000000000009 /* PBXTargetDependency */ = {
			isa = PBXTargetDependency;
			target = 8A21B78727EE31A20009E5DB /* TomatoBar */;
			targetProxy = B10000000000000000000008 /* PBXContainerItemProxy */;
		};
/* End PBXTargetDependency section */

/* Begin PBXVariantGroup section */
		8AA54347293094AB002A47FC /* Localizable.strings */ = {
			isa = PBXVariantGroup;
			children = (
				8AA54346293094AB002A47FC /* en */,
				C4C8DE0E2930DBB4003B1110 /* zh-Hans */,
				4CC11A472B6A28500012E8EC /* ko */,
			);
			name = Localizable.strings;
			sourceTree = "<group>";
		};
/* End PBXVariantGroup section */

/* Begin XCBuildConfiguration section */
		B1000000000000000000000A /* Debug */ = {
			isa = XCBuildConfiguration;
			buildSettings = {
				BUNDLE_LOADER = "$(TEST_HOST)";
				GENERATE_INFOPLIST_FILE = YES;
				LD_RUNPATH_SEARCH_PATHS = (
					"$(inherited)",
					"@executable_path/../Frameworks",
					"@loader_path/../Frameworks",
				);
				MACOSX_DEPLOYMENT_TARGET = 14.0;
				PRODUCT_BUNDLE_IDENTIFIER = com.github.ivoronin.TomatoBarTests;
				PRODUCT_NAME = "$(TARGET_NAME)";
				SWIFT_EMIT_LOC_STRINGS = NO;
				SWIFT_VERSION = 5.0;
				TEST_HOST = "$(BUILT_PRODUCTS_DIR)/TomatoBar.app/Contents/MacOS/TomatoBar";
				TEST_TARGET_NAME = TomatoBar;
			};
			name = Debug;
		};
		B1000000000000000000000B /* Release */ = {
			isa = XCBuildConfiguration;
			buildSettings = {
				BUNDLE_LOADER = "$(TEST_HOST)";
				GENERATE_INFOPLIST_FILE = YES;
				LD_RUNPATH_SEARCH_PATHS = (
					"$(inherited)",
					"@executable_path/../Frameworks",
					"@loader_path/../Frameworks",
				);
				MACOSX_DEPLOYMENT_TARGET = 14.0;
				PRODUCT_BUNDLE_IDENTIFIER = com.github.ivoronin.TomatoBarTests;
				PRODUCT_NAME = "$(TARGET_NAME)";
				SWIFT_EMIT_LOC_STRINGS = NO;
				SWIFT_VERSION = 5.0;
				TEST_HOST = "$(BUILT_PRODUCTS_DIR)/TomatoBar.app/Contents/MacOS/TomatoBar";
				TEST_TARGET_NAME = TomatoBar;
			};
			name = Release;
		};
		8A21B79527EE31A30009E5DB /* Debug */ = {
			isa = XCBuildConfiguration;
			buildSettings = {
				ALWAYS_SEARCH_USER_PATHS = NO;
				CLANG_ANALYZER_LOCALIZABILITY_NONLOCALIZED = YES;
				CLANG_ANALYZER_NONNULL = YES;
				CLANG_ANALYZER_NUMBER_OBJECT_CONVERSION = YES_AGGRESSIVE;
				CLANG_CXX_LANGUAGE_STANDARD = "gnu++17";
				CLANG_ENABLE_MODULES = YES;
				CLANG_ENABLE_OBJC_ARC = YES;
				CLANG_ENABLE_OBJC_WEAK = YES;
				CLANG_WARN_BLOCK_CAPTURE_AUTORELEASING = YES;
				CLANG_WARN_BOOL_CONVERSION = YES;
				CLANG_WARN_COMMA = YES;
				CLANG_WARN_CONSTANT_CONVERSION = YES;
				CLANG_WARN_DEPRECATED_OBJC_IMPLEMENTATIONS = YES;
				CLANG_WARN_DIRECT_OBJC_ISA_USAGE = YES_ERROR;
				CLANG_WARN_DOCUMENTATION_COMMENTS = YES;
				CLANG_WARN_EMPTY_BODY = YES;
				CLANG_WARN_ENUM_CONVERSION = YES;
				CLANG_WARN_INFINITE_RECURSION = YES;
				CLANG_WARN_INT_CONVERSION = YES;
				CLANG_WARN_NON_LITERAL_NULL_CONVERSION = YES;
				CLANG_WARN_OBJC_IMPLICIT_RETAIN_SELF = YES;
				CLANG_WARN_OBJC_LITERAL_CONVERSION = YES;
				CLANG_WARN_OBJC_ROOT_CLASS = YES_ERROR;
				CLANG_WARN_QUOTED_INCLUDE_IN_FRAMEWORK_HEADER = YES;
				CLANG_WARN_RANGE_LOOP_ANALYSIS = YES;
				CLANG_WARN_STRICT_PROTOTYPES = YES;
				CLANG_WARN_SUSPICIOUS_MOVE = YES;
				CLANG_WARN_UNGUARDED_AVAILABILITY = YES_AGGRESSIVE;
				CLANG_WARN_UNREACHABLE_CODE = YES;
				CLANG_WARN__DUPLICATE_METHOD_MATCH = YES;
				COPY_PHASE_STRIP = NO;
				DEAD_CODE_STRIPPING = YES;
				DEBUG_INFORMATION_FORMAT = dwarf;
				ENABLE_STRICT_OBJC_MSGSEND = YES;
				ENABLE_TESTABILITY = YES;
				GCC_C_LANGUAGE_STANDARD = gnu11;
				GCC_DYNAMIC_NO_PIC = NO;
				GCC_NO_COMMON_BLOCKS = YES;
				GCC_OPTIMIZATION_LEVEL = 0;
				GCC_PREPROCESSOR_DEFINITIONS = (
					"DEBUG=1",
					"$(inherited)",
				);
				GCC_WARN_64_TO_32_BIT_CONVERSION = YES;
				GCC_WARN_ABOUT_RETURN_TYPE = YES_ERROR;
				GCC_WARN_UNDECLARED_SELECTOR = YES;
				GCC_WARN_UNINITIALIZED_AUTOS = YES_AGGRESSIVE;
				GCC_WARN_UNUSED_FUNCTION = YES;
				GCC_WARN_UNUSED_VARIABLE = YES;
				MACOSX_DEPLOYMENT_TARGET = 14.0;
				MTL_ENABLE_DEBUG_INFO = INCLUDE_SOURCE;
				MTL_FAST_MATH = YES;
				ONLY_ACTIVE_ARCH = YES;
				SDKROOT = macosx;
				SWIFT_ACTIVE_COMPILATION_CONDITIONS = DEBUG;
				SWIFT_OPTIMIZATION_LEVEL = "-Onone";
			};
			name = Debug;
		};
		8A21B79627EE31A30009E5DB /* Release */ = {
			isa = XCBuildConfiguration;
			buildSettings = {
				ALWAYS_SEARCH_USER_PATHS = NO;
				CLANG_ANALYZER_LOCALIZABILITY_NONLOCALIZED = YES;
				CLANG_ANALYZER_NONNULL = YES;
				CLANG_ANALYZER_NUMBER_OBJECT_CONVERSION = YES_AGGRESSIVE;
				CLANG_CXX_LANGUAGE_STANDARD = "gnu++17";
				CLANG_ENABLE_MODULES = YES;
				CLANG_ENABLE_OBJC_ARC = YES;
				CLANG_ENABLE_OBJC_WEAK = YES;
				CLANG_WARN_BLOCK_CAPTURE_AUTORELEASING = YES;
				CLANG_WARN_BOOL_CONVERSION = YES;
				CLANG_WARN_COMMA = YES;
				CLANG_WARN_CONSTANT_CONVERSION = YES;
				CLANG_WARN_DEPRECATED_OBJC_IMPLEMENTATIONS = YES;
				CLANG_WARN_DIRECT_OBJC_ISA_USAGE = YES_ERROR;
				CLANG_WARN_DOCUMENTATION_COMMENTS = YES;
				CLANG_WARN_EMPTY_BODY = YES;
				CLANG_WARN_ENUM_CONVERSION = YES;
				CLANG_WARN_INFINITE_RECURSION = YES;
				CLANG_WARN_INT_CONVERSION = YES;
				CLANG_WARN_NON_LITERAL_NULL_CONVERSION = YES;
				CLANG_WARN_OBJC_IMPLICIT_RETAIN_SELF = YES;
				CLANG_WARN_OBJC_LITERAL_CONVERSION = YES;
				CLANG_WARN_OBJC_ROOT_CLASS = YES_ERROR;
				CLANG_WARN_QUOTED_INCLUDE_IN_FRAMEWORK_HEADER = YES;
				CLANG_WARN_RANGE_LOOP_ANALYSIS = YES;
				CLANG_WARN_STRICT_PROTOTYPES = YES;
				CLANG_WARN_SUSPICIOUS_MOVE = YES;
				CLANG_WARN_UNGUARDED_AVAILABILITY = YES_AGGRESSIVE;
				CLANG_WARN_UNREACHABLE_CODE = YES;
				CLANG_WARN__DUPLICATE_METHOD_MATCH = YES;
				COPY_PHASE_STRIP = NO;
				DEAD_CODE_STRIPPING = YES;
				DEBUG_INFORMATION_FORMAT = "dwarf-with-dsym";
				ENABLE_NS_ASSERTIONS = NO;
				ENABLE_STRICT_OBJC_MSGSEND = YES;
				GCC_C_LANGUAGE_STANDARD = gnu11;
				GCC_NO_COMMON_BLOCKS = YES;
				GCC_WARN_64_TO_32_BIT_CONVERSION = YES;
				GCC_WARN_ABOUT_RETURN_TYPE = YES_ERROR;
				GCC_WARN_UNDECLARED_SELECTOR = YES;
				GCC_WARN_UNINITIALIZED_AUTOS = YES_AGGRESSIVE;
				GCC_WARN_UNUSED_FUNCTION = YES;
				GCC_WARN_UNUSED_VARIABLE = YES;
				MACOSX_DEPLOYMENT_TARGET = 14.0;
				MTL_ENABLE_DEBUG_INFO = NO;
				MTL_FAST_MATH = YES;
				SDKROOT = macosx;
				SWIFT_COMPILATION_MODE = wholemodule;
				SWIFT_OPTIMIZATION_LEVEL = "-O";
			};
			name = Release;
		};
		8A21B79827EE31A30009E5DB /* Debug */ = {
			isa = XCBuildConfiguration;
			buildSettings = {
				ASSETCATALOG_COMPILER_APPICON_NAME = AppIcon;
				ASSETCATALOG_COMPILER_GLOBAL_ACCENT_COLOR_NAME = AccentColor;
				CODE_SIGN_ENTITLEMENTS = TomatoBar/TomatoBar.entitlements;
				CODE_SIGN_IDENTITY = "-";
				CODE_SIGN_STYLE = Automatic;
				COMBINE_HIDPI_IMAGES = YES;
				CURRENT_PROJECT_VERSION = 1;
				DEAD_CODE_STRIPPING = YES;
				DEVELOPMENT_TEAM = "";
				ENABLE_HARDENED_RUNTIME = YES;
				GENERATE_INFOPLIST_FILE = YES;
				INFOPLIST_FILE = TomatoBar/Info.plist;
				INFOPLIST_KEY_LSApplicationCategoryType = "public.app-category.productivity";
				INFOPLIST_KEY_LSUIElement = YES;
				INFOPLIST_KEY_NSHumanReadableCopyright = "Copyright © 2023 Ilya Voronin. All rights reserved. https://github.com/ivoronin/TomatoBar";
				LD_RUNPATH_SEARCH_PATHS = (
					"$(inherited)",
					"@executable_path/../Frameworks",
				);
				MACOSX_DEPLOYMENT_TARGET = 14.0;
				MARKETING_VERSION = 3.0;
				PRODUCT_BUNDLE_IDENTIFIER = com.github.ivoronin.TomatoBar;
				PRODUCT_NAME = "$(TARGET_NAME)";
				SWIFT_EMIT_LOC_STRINGS = YES;
				SWIFT_VERSION = 5.0;
				SYSTEM_FRAMEWORK_SEARCH_PATHS = (
					"$(inherited)",
					"$(SYSTEM_LIBRARY_DIR)/PrivateFrameworks",
				);
			};
			name = Debug;
		};
		8A21B79927EE31A30009E5DB /* Release */ = {
			isa = XCBuildConfiguration;
			buildSettings = {
				ASSETCATALOG_COMPILER_APPICON_NAME = AppIcon;
				ASSETCATALOG_COMPILER_GLOBAL_ACCENT_COLOR_NAME = AccentColor;
				CODE_SIGN_ENTITLEMENTS = TomatoBar/TomatoBar.entitlements;
				CODE_SIGN_IDENTITY = "-";
				CODE_SIGN_STYLE = Automatic;
				COMBINE_HIDPI_IMAGES = YES;
				CURRENT_PROJECT_VERSION = 1;
				DEAD_CODE_STRIPPING = YES;
				DEVELOPMENT_TEAM = "";
				ENABLE_HARDENED_RUNTIME = YES;
				GENERATE_INFOPLIST_FILE = YES;
				INFOPLIST_FILE = TomatoBar/Info.plist;
				INFOPLIST_KEY_LSApplicationCategoryType = "public.app-category.productivity";
				INFOPLIST_KEY_LSUIElement = YES;
				INFOPLIST_KEY_NSHumanReadableCopyright = "Copyright © 2023 Ilya Voronin. All rights reserved. https://github.com/ivoronin/TomatoBar";
				LD_RUNPATH_SEARCH_PATHS = (
					"$(inherited)",
					"@executable_path/../Frameworks",
				);
				MACOSX_DEPLOYMENT_TARGET = 14.0;
				MARKETING_VERSION = 3.0;
				PRODUCT_BUNDLE_IDENTIFIER = com.github.ivoronin.TomatoBar;
				PRODUCT_NAME = "$(TARGET_NAME)";
				SWIFT_EMIT_LOC_STRINGS = YES;
				SWIFT_VERSION = 5.0;
				SYSTEM_FRAMEWORK_SEARCH_PATHS = (
					"$(inherited)",
					"$(SYSTEM_LIBRARY_DIR)/PrivateFrameworks",
				);
			};
			name = Release;
		};
/* End XCBuildConfiguration section */

/* Begin XCConfigurationList section */
		B1000000000000000000000C /* Build configuration list for PBXNativeTarget "TomatoBarTests" */ = {
			isa = XCConfigurationList;
			buildConfigurations = (
				B1000000000000000000000A /* Debug */,
				B1000000000000000000000B /* Release */,
			);
			defaultConfigurationIsVisible = 0;
			defaultConfigurationName = Release;
		};
		8A21B78327EE31A20009E5DB /* Build configuration list for PBXProject "TomatoBar" */ = {
			isa = XCConfigurationList;
			buildConfigurations = (
				8A21B79527EE31A30009E5DB /* Debug */,
				8A21B79627EE31A30009E5DB /* Release */,
			);
			defaultConfigurationIsVisible = 0;
			defaultConfigurationName = Release;
		};
		8A21B79727EE31A30009E5DB /* Build configuration list for PBXNativeTarget "TomatoBar" */ = {
			isa = XCConfigurationList;
			buildConfigurations = (
				8A21B79827EE31A30009E5DB /* Debug */,
				8A21B79927EE31A30009E5DB /* Release */,
			);
			defaultConfigurationIsVisible = 0;
			defaultConfigurationName = Release;
		};
/* End XCConfigurationList section */

/* Begin XCRemoteSwiftPackageReference section */
		8A74039E27FA19BB00E7F90B /* XCRemoteSwiftPackageReference "LaunchAtLogin" */ = {
			isa = XCRemoteSwiftPackageReference;
			repositoryURL = "https://github.com/sindresorhus/LaunchAtLogin";
			requirement = {
				kind = exactVersion;
				version = 5.0.2;
			};
		};
		8AA5B3E9281295DB00BE1A6C /* XCRemoteSwiftPackageReference "KeyboardShortcuts" */ = {
			isa = XCRemoteSwiftPackageReference;
			repositoryURL = "https://github.com/sindresorhus/KeyboardShortcuts";
			requirement = {
				kind = exactVersion;
				version = 2.4.0;
			};
		};
/* End XCRemoteSwiftPackageReference section */

/* Begin XCSwiftPackageProductDependency section */
		8A74039F27FA19BB00E7F90B /* LaunchAtLogin */ = {
			isa = XCSwiftPackageProductDependency;
			package = 8A74039E27FA19BB00E7F90B /* XCRemoteSwiftPackageReference "LaunchAtLogin" */;
			productName = LaunchAtLogin;
		};
		8AA5B3EA281295DB00BE1A6C /* KeyboardShortcuts */ = {
			isa = XCSwiftPackageProductDependency;
			package = 8AA5B3E9281295DB00BE1A6C /* XCRemoteSwiftPackageReference "KeyboardShortcuts" */;
			productName = KeyboardShortcuts;
		};
/* End XCSwiftPackageProductDependency section */
	};
	rootObject = 8A21B78027EE31A20009E5DB /* Project object */;
}
